<?xml version="1.0" encoding="utf-8"?>
<Project ToolsVersion="4.0" xmlns="http://schemas.microsoft.com/developer/msbuild/2003">
  <ItemGroup>
    <Filter Include="소스 파일">
      <UniqueIdentifier>{4FC737F1-C7A5-4376-A066-2A32D752A2FF}</UniqueIdentifier>
      <Extensions>cpp;c;cc;cxx;def;odl;idl;hpj;bat;asm;asmx</Extensions>
    </Filter>
    <Filter Include="헤더 파일">
      <UniqueIdentifier>{93995380-89BD-4b04-88EB-625FBE52EBFB}</UniqueIdentifier>
      <Extensions>h;hh;hpp;hxx;hm;inl;inc;ipp;xsd</Extensions>
    </Filter>
    <Filter Include="리소스 파일">
      <UniqueIdentifier>{67DA6AB6-F800-4c08-8B7A-83BB121AAD01}</UniqueIdentifier>
      <Extensions>rc;ico;cur;bmp;dlg;rc2;rct;bin;rgs;gif;jpg;jpeg;jpe;resx;tiff;tif;png;wav;mfcribbon-ms</Extensions>
    </Filter>
  </ItemGroup>
  <ItemGroup>
    <ClCompile Include="나머지.cpp">
      <Filter>소스 파일</Filter>
    </ClCompile>
    <ClCompile Include="2019 10 03.cpp">
      <Filter>소스 파일</Filter>
    </ClCompile>
    <ClCompile Include="A2019_10_03_hw.cpp">
      <Filter>소스 파일</Filter>
    </ClCompile>
    <ClCompile Include="소스.cpp">
      <Filter>소스 파일</Filter>
    </ClCompile>
    <ClCompile Include="A2019_10_13hw.cpp">
      <Filter>소스 파일</Filter>
    </ClCompile>
    <ClCompile Include="A2019_10_15.cpp">
      <Filter>소스 파일</Filter>
    </ClCompile>
    <ClCompile Include="linear_graph.cpp">
      <Filter>소스 파일</Filter>
    </ClCompile>
    <ClCompile Include="bj1377.cpp">
      <Filter>소스 파일</Filter>
    </ClCompile>
    <ClCompile Include="sort_test.cpp">
      <Filter>소스 파일</Filter>
    </ClCompile>
    <ClCompile Include="bfs_test.cpp">
      <Filter>소스 파일</Filter>
    </ClCompile>
    <ClCompile Include="acm_1260.cpp">
      <Filter>소스 파일</Filter>
    </ClCompile>
    <ClCompile Include="소스200112.cpp">
      <Filter>소스 파일</Filter>
    </ClCompile>
    <ClCompile Include="소스200118.cpp">
      <Filter>소스 파일</Filter>
    </ClCompile>
    <ClCompile Include="소스200203.cpp">
      <Filter>소스 파일</Filter>
    </ClCompile>
    <ClCompile Include="acm15649.cpp">
      <Filter>소스 파일</Filter>
    </ClCompile>
    <ClCompile Include="acm2615.cpp">
      <Filter>소스 파일</Filter>
    </ClCompile>
    <ClCompile Include="acm2622.cpp">
      <Filter>소스 파일</Filter>
    </ClCompile>
    <ClCompile Include="격자길.cpp">
      <Filter>소스 파일</Filter>
    </ClCompile>
    <ClCompile Include="bicololring.cpp">
      <Filter>소스 파일</Filter>
    </ClCompile>
    <ClCompile Include="순열.cpp">
      <Filter>소스 파일</Filter>
    </ClCompile>
    <ClCompile Include="acm2583.cpp">
      <Filter>소스 파일</Filter>
    </ClCompile>
    <ClCompile Include="acm2667.cpp">
      <Filter>소스 파일</Filter>
    </ClCompile>
    <ClCompile Include="knapsack.cpp">
      <Filter>소스 파일</Filter>
    </ClCompile>
    <ClCompile Include="acm11047.cpp">
      <Filter>소스 파일</Filter>
    </ClCompile>
    <ClCompile Include="acm11399.cpp">
      <Filter>소스 파일</Filter>
    </ClCompile>
    <ClCompile Include="acm99999.cpp">
      <Filter>소스 파일</Filter>
    </ClCompile>
    <ClCompile Include="acm1912.cpp">
      <Filter>소스 파일</Filter>
    </ClCompile>
    <ClCompile Include="acm1789.cpp">
      <Filter>소스 파일</Filter>
    </ClCompile>
    <ClCompile Include="acm2098.cpp">
      <Filter>소스 파일</Filter>
    </ClCompile>
    <ClCompile Include="TSP_200811.cpp">
      <Filter>소스 파일</Filter>
    </ClCompile>
    <ClCompile Include="acm2580.cpp">
      <Filter>소스 파일</Filter>
    </ClCompile>
    <ClCompile Include="acm17612.cpp">
      <Filter>소스 파일</Filter>
    </ClCompile>
    <ClCompile Include="acm17608.cpp">
      <Filter>소스 파일</Filter>
    </ClCompile>
    <ClCompile Include="koi_hambuger.cpp">
      <Filter>소스 파일</Filter>
    </ClCompile>
    <ClCompile Include="acm14697.cpp">
      <Filter>소스 파일</Filter>
    </ClCompile>
    <ClCompile Include="semple.cpp">
      <Filter>소스 파일</Filter>
    </ClCompile>
  </ItemGroup>
  <ItemGroup>
    <ClInclude Include="선택.h">
      <Filter>소스 파일</Filter>
    </ClInclude>
  </ItemGroup>
  <ItemGroup>
    <None Include="make_template.py">
      <Filter>소스 파일</Filter>
    </None>
  </ItemGroup>
</Project>